
Microsoft Visual Studio Solution File, Format Version 12.00
# Visual Studio 2013
VisualStudioVersion = 12.0.21005.1
MinimumVisualStudioVersion = 10.0.40219.1
Project("{FAE04EC0-301F-11D3-BF4B-00C04F79EFBC}") = "Trigonometry in Degrees", "Trigonometry in Degrees\Trigonometry in Degrees.csproj", "{4BCF8A4A-B8BD-4005-A4ED-BC61E5308CCF}"
EndProject
Global
	GlobalSection(SolutionConfigurationPlatforms) = preSolution
		Debug|Any CPU = Debug|Any CPU
		Release|Any CPU = Release|Any CPU
	EndGlobalSection
	GlobalSection(ProjectConfigurationPlatforms) = postSolution
		{4BCF8A4A-B8BD-4005-A4ED-BC61E5308CCF}.Debug|Any CPU.ActiveCfg = Debug|Any CPU
		{4BCF8A4A-B8BD-4005-A4ED-BC61E5308CCF}.Debug|Any CPU.Build.0 = Debug|Any CPU
		{4BCF8A4A-B8BD-4005-A4ED-BC61E5308CCF}.Release|Any CPU.ActiveCfg = Release|Any CPU
		{4BCF8A4A-B8BD-4005-A4ED-BC61E5308CCF}.Release|Any CPU.Build.0 = Release|Any CPU
	EndGlobalSection
	GlobalSection(SolutionProperties) = preSolution
		HideSolutionNode = FALSE
	EndGlobalSection
EndGlobal
